
Microsoft Visual Studio Solution File, Format Version 12.00
# Visual Studio Version 17
VisualStudioVersion = 17.6.33829.357
MinimumVisualStudioVersion = 10.0.40219.1
Project("{9A19103F-16F7-4668-BE54-9A1E7A4F7556}") = "Project_OnlineShop", "Project_OnlineShop\Project_OnlineShop.csproj", "{675AF1FC-755D-4502-8D6F-3C1FF90DDEF0}"
EndProject
Project("{2150E333-8FDC-42A3-9474-1A3956D46DE8}") = "Doc", "Doc", "{52637C65-139D-4DF6-B776-A987B77164FF}"
EndProject
Project("{2150E333-8FDC-42A3-9474-1A3956D46DE8}") = "Test", "Test", "{F0E70F26-F6A5-4761-AA5E-8B747D8C62FF}"
EndProject
Project("{2150E333-8FDC-42A3-9474-1A3956D46DE8}") = "Src", "Src", "{7A2DC40A-22A3-4553-9234-E1C242C3689D}"
EndProject
Project("{2150E333-8FDC-42A3-9474-1A3956D46DE8}") = "Common", "Common", "{D09B2C3E-74D8-4A49-90ED-A547B3CFB148}"
EndProject
Project("{2150E333-8FDC-42A3-9474-1A3956D46DE8}") = "Core", "Core", "{533B4567-68AB-4965-946D-133A7209CC08}"
EndProject
Project("{2150E333-8FDC-42A3-9474-1A3956D46DE8}") = "Infrastructure", "Infrastructure", "{4E16D812-2641-4AFE-862D-5A333DE5FD0C}"
EndProject
Project("{2150E333-8FDC-42A3-9474-1A3956D46DE8}") = "Peresentation", "Peresentation", "{955FF1DE-75D5-4616-BD8E-515F768ABB97}"
EndProject
Project("{FAE04EC0-301F-11D3-BF4B-00C04F79EFBC}") = "OnlineShop.Common", "OnlineShop.Common\OnlineShop.Common.csproj", "{4FE96189-C6D5-4C88-9E87-27455675D9D2}"
EndProject
Project("{FAE04EC0-301F-11D3-BF4B-00C04F79EFBC}") = "OnlineShop.Domain", "OnlineShop.Domain\OnlineShop.Domain.csproj", "{D61F880B-4408-4936-A1EC-E2E5582BF57D}"
EndProject
Project("{FAE04EC0-301F-11D3-BF4B-00C04F79EFBC}") = "OnlineShop.Application", "OnlineShop.Application\OnlineShop.Application.csproj", "{BE1DDF80-349C-47EA-A2BC-45833F767C8D}"
EndProject
Project("{FAE04EC0-301F-11D3-BF4B-00C04F79EFBC}") = "OnlineShop.Infrastructure", "OnlineShop.Infrastructure\OnlineShop.Infrastructure.csproj", "{02891A90-7E15-4E43-A312-7DE5B7330946}"
EndProject
Project("{FAE04EC0-301F-11D3-BF4B-00C04F79EFBC}") = "OnlineShop.Persistence", "OnlineShop.Persistence\OnlineShop.Persistence.csproj", "{DFBBE08C-0DA8-4C05-8ACC-77F6AC49AE96}"
EndProject
Global
	GlobalSection(SolutionConfigurationPlatforms) = preSolution
		Debug|Any CPU = Debug|Any CPU
		Release|Any CPU = Release|Any CPU
	EndGlobalSection
	GlobalSection(ProjectConfigurationPlatforms) = postSolution
		{675AF1FC-755D-4502-8D6F-3C1FF90DDEF0}.Debug|Any CPU.ActiveCfg = Debug|Any CPU
		{675AF1FC-755D-4502-8D6F-3C1FF90DDEF0}.Debug|Any CPU.Build.0 = Debug|Any CPU
		{675AF1FC-755D-4502-8D6F-3C1FF90DDEF0}.Release|Any CPU.ActiveCfg = Release|Any CPU
		{675AF1FC-755D-4502-8D6F-3C1FF90DDEF0}.Release|Any CPU.Build.0 = Release|Any CPU
		{4FE96189-C6D5-4C88-9E87-27455675D9D2}.Debug|Any CPU.ActiveCfg = Debug|Any CPU
		{4FE96189-C6D5-4C88-9E87-27455675D9D2}.Debug|Any CPU.Build.0 = Debug|Any CPU
		{4FE96189-C6D5-4C88-9E87-27455675D9D2}.Release|Any CPU.ActiveCfg = Release|Any CPU
		{4FE96189-C6D5-4C88-9E87-27455675D9D2}.Release|Any CPU.Build.0 = Release|Any CPU
		{D61F880B-4408-4936-A1EC-E2E5582BF57D}.Debug|Any CPU.ActiveCfg = Debug|Any CPU
		{D61F880B-4408-4936-A1EC-E2E5582BF57D}.Debug|Any CPU.Build.0 = Debug|Any CPU
		{D61F880B-4408-4936-A1EC-E2E5582BF57D}.Release|Any CPU.ActiveCfg = Release|Any CPU
		{D61F880B-4408-4936-A1EC-E2E5582BF57D}.Release|Any CPU.Build.0 = Release|Any CPU
		{BE1DDF80-349C-47EA-A2BC-45833F767C8D}.Debug|Any CPU.ActiveCfg = Debug|Any CPU
		{BE1DDF80-349C-47EA-A2BC-45833F767C8D}.Debug|Any CPU.Build.0 = Debug|Any CPU
		{BE1DDF80-349C-47EA-A2BC-45833F767C8D}.Release|Any CPU.ActiveCfg = Release|Any CPU
		{BE1DDF80-349C-47EA-A2BC-45833F767C8D}.Release|Any CPU.Build.0 = Release|Any CPU
		{02891A90-7E15-4E43-A312-7DE5B7330946}.Debug|Any CPU.ActiveCfg = Debug|Any CPU
		{02891A90-7E15-4E43-A312-7DE5B7330946}.Debug|Any CPU.Build.0 = Debug|Any CPU
		{02891A90-7E15-4E43-A312-7DE5B7330946}.Release|Any CPU.ActiveCfg = Release|Any CPU
		{02891A90-7E15-4E43-A312-7DE5B7330946}.Release|Any CPU.Build.0 = Release|Any CPU
		{DFBBE08C-0DA8-4C05-8ACC-77F6AC49AE96}.Debug|Any CPU.ActiveCfg = Debug|Any CPU
		{DFBBE08C-0DA8-4C05-8ACC-77F6AC49AE96}.Debug|Any CPU.Build.0 = Debug|Any CPU
		{DFBBE08C-0DA8-4C05-8ACC-77F6AC49AE96}.Release|Any CPU.ActiveCfg = Release|Any CPU
		{DFBBE08C-0DA8-4C05-8ACC-77F6AC49AE96}.Release|Any CPU.Build.0 = Release|Any CPU
	EndGlobalSection
	GlobalSection(SolutionProperties) = preSolution
		HideSolutionNode = FALSE
	EndGlobalSection
	GlobalSection(NestedProjects) = preSolution
		{675AF1FC-755D-4502-8D6F-3C1FF90DDEF0} = {955FF1DE-75D5-4616-BD8E-515F768ABB97}
		{D09B2C3E-74D8-4A49-90ED-A547B3CFB148} = {7A2DC40A-22A3-4553-9234-E1C242C3689D}
		{533B4567-68AB-4965-946D-133A7209CC08} = {7A2DC40A-22A3-4553-9234-E1C242C3689D}
		{4E16D812-2641-4AFE-862D-5A333DE5FD0C} = {7A2DC40A-22A3-4553-9234-E1C242C3689D}
		{955FF1DE-75D5-4616-BD8E-515F768ABB97} = {7A2DC40A-22A3-4553-9234-E1C242C3689D}
		{4FE96189-C6D5-4C88-9E87-27455675D9D2} = {D09B2C3E-74D8-4A49-90ED-A547B3CFB148}
		{D61F880B-4408-4936-A1EC-E2E5582BF57D} = {533B4567-68AB-4965-946D-133A7209CC08}
		{BE1DDF80-349C-47EA-A2BC-45833F767C8D} = {533B4567-68AB-4965-946D-133A7209CC08}
		{02891A90-7E15-4E43-A312-7DE5B7330946} = {4E16D812-2641-4AFE-862D-5A333DE5FD0C}
		{DFBBE08C-0DA8-4C05-8ACC-77F6AC49AE96} = {4E16D812-2641-4AFE-862D-5A333DE5FD0C}
	EndGlobalSection
	GlobalSection(ExtensibilityGlobals) = postSolution
		SolutionGuid = {94F06BF2-6631-4C3A-99AF-0745397EF93E}
	EndGlobalSection
EndGlobal
